// !$*UTF8*$!
{
	archiveVersion = 1;
	classes = {
	};
	objectVersion = 56;
	objects = {

/* Begin PBXBuildFile section */
		DDE3BB7F2AC3ADFC0038258E /* AppDelegate.swift in Sources */ = {isa = PBXBuildFile; fileRef = DDE3BB7E2AC3ADFC0038258E /* AppDelegate.swift */; };
		DDE3BB812AC3ADFC0038258E /* SceneDelegate.swift in Sources */ = {isa = PBXBuildFile; fileRef = DDE3BB802AC3ADFC0038258E /* SceneDelegate.swift */; };
		DDE3BB832AC3ADFC0038258E /* ViewController.swift in Sources */ = {isa = PBXBuildFile; fileRef = DDE3BB822AC3ADFC0038258E /* ViewController.swift */; };
		DDE3BB862AC3ADFC0038258E /* Main.storyboard in Resources */ = {isa = PBXBuildFile; fileRef = DDE3BB842AC3ADFC0038258E /* Main.storyboard */; };
		DDE3BB882AC3ADFD0038258E /* Assets.xcassets in Resources */ = {isa = PBXBuildFile; fileRef = DDE3BB872AC3ADFD0038258E /* Assets.xcassets */; };
		DDE3BB8B2AC3ADFD0038258E /* LaunchScreen.storyboard in Resources */ = {isa = PBXBuildFile; fileRef = DDE3BB892AC3ADFD0038258E /* LaunchScreen.storyboard */; };
		DDE3BB962AC3ADFD0038258E /* OddOrEvenGameTests.swift in Sources */ = {isa = PBXBuildFile; fileRef = DDE3BB952AC3ADFD0038258E /* OddOrEvenGameTests.swift */; };
		DDE3BBA02AC3ADFD0038258E /* OddOrEvenGameUITests.swift in Sources */ = {isa = PBXBuildFile; fileRef = DDE3BB9F2AC3ADFD0038258E /* OddOrEvenGameUITests.swift */; };
		DDE3BBA22AC3ADFD0038258E /* OddOrEvenGameUITestsLaunchTests.swift in Sources */ = {isa = PBXBuildFile; fileRef = DDE3BBA12AC3ADFD0038258E /* OddOrEvenGameUITestsLaunchTests.swift */; };
/* End PBXBuildFile section */

/* Begin PBXContainerItemProxy section */
		DDE3BB922AC3ADFD0038258E /* PBXContainerItemProxy */ = {
			isa = PBXContainerItemProxy;
			containerPortal = DDE3BB732AC3ADFC0038258E /* Project object */;
			proxyType = 1;
			remoteGlobalIDString = DDE3BB7A2AC3ADFC0038258E;
			remoteInfo = OddOrEvenGame;
		};
		DDE3BB9C2AC3ADFD0038258E /* PBXContainerItemProxy */ = {
			isa = PBXContainerItemProxy;
			containerPortal = DDE3BB732AC3ADFC0038258E /* Project object */;
			proxyType = 1;
			remoteGlobalIDString = DDE3BB7A2AC3ADFC0038258E;
			remoteInfo = OddOrEvenGame;
		};
/* End PBXContainerItemProxy section */

/* Begin PBXFileReference section */
		DDE3BB7B2AC3ADFC0038258E /* OddOrEvenGame.app */ = {isa = PBXFileReference; explicitFileType = wrapper.application; includeInIndex = 0; path = OddOrEvenGame.app; sourceTree = BUILT_PRODUCTS_DIR; };
		DDE3BB7E2AC3ADFC0038258E /* AppDelegate.swift */ = {isa = PBXFileReference; lastKnownFileType = sourcecode.swift; path = AppDelegate.swift; sourceTree = "<group>"; };
		DDE3BB802AC3ADFC0038258E /* SceneDelegate.swift */ = {isa = PBXFileReference; lastKnownFileType = sourcecode.swift; path = SceneDelegate.swift; sourceTree = "<group>"; };
		DDE3BB822AC3ADFC0038258E /* ViewController.swift */ = {isa = PBXFileReference; lastKnownFileType = sourcecode.swift; path = ViewController.swift; sourceTree = "<group>"; };
		DDE3BB852AC3ADFC0038258E /* Base */ = {isa = PBXFileReference; lastKnownFileType = file.storyboard; name = Base; path = Base.lproj/Main.storyboard; sourceTree = "<group>"; };
		DDE3BB872AC3ADFD0038258E /* Assets.xcassets */ = {isa = PBXFileReference; lastKnownFileType = folder.assetcatalog; path = Assets.xcassets; sourceTree = "<group>"; };
		DDE3BB8A2AC3ADFD0038258E /* Base */ = {isa = PBXFileReference; lastKnownFileType = file.storyboard; name = Base; path = Base.lproj/LaunchScreen.storyboard; sourceTree = "<group>"; };
		DDE3BB8C2AC3ADFD0038258E /* Info.plist */ = {isa = PBXFileReference; lastKnownFileType = text.plist.xml; path = Info.plist; sourceTree = "<group>"; };
		DDE3BB912AC3ADFD0038258E /* OddOrEvenGameTests.xctest */ = {isa = PBXFileReference; explicitFileType = wrapper.cfbundle; includeInIndex = 0; path = OddOrEvenGameTests.xctest; sourceTree = BUILT_PRODUCTS_DIR; };
		DDE3BB952AC3ADFD0038258E /* OddOrEvenGameTests.swift */ = {isa = PBXFileReference; lastKnownFileType = sourcecode.swift; path = OddOrEvenGameTests.swift; sourceTree = "<group>"; };
		DDE3BB9B2AC3ADFD0038258E /* OddOrEvenGameUITests.xctest */ = {isa = PBXFileReference; explicitFileType = wrapper.cfbundle; includeInIndex = 0; path = OddOrEvenGameUITests.xctest; sourceTree = BUILT_PRODUCTS_DIR; };
		DDE3BB9F2AC3ADFD0038258E /* OddOrEvenGameUITests.swift */ = {isa = PBXFileReference; lastKnownFileType = sourcecode.swift; path = OddOrEvenGameUITests.swift; sourceTree = "<group>"; };
		DDE3BBA12AC3ADFD0038258E /* OddOrEvenGameUITestsLaunchTests.swift */ = {isa = PBXFileReference; lastKnownFileType = sourcecode.swift; path = OddOrEvenGameUITestsLaunchTests.swift; sourceTree = "<group>"; };
/* End PBXFileReference section */

/* Begin PBXFrameworksBuildPhase section */
		DDE3BB782AC3ADFC0038258E /* Frameworks */ = {
			isa = PBXFrameworksBuildPhase;
			buildActionMask = 2147483647;
			files = (
			);
			runOnlyForDeploymentPostprocessing = 0;
		};
		DDE3BB8E2AC3ADFD0038258E /* Frameworks */ = {
			isa = PBXFrameworksBuildPhase;
			buildActionMask = 2147483647;
			files = (
			);
			runOnlyForDeploymentPostprocessing = 0;
		};
		DDE3BB982AC3ADFD0038258E /* Frameworks */ = {
			isa = PBXFrameworksBuildPhase;
			buildActionMask = 2147483647;
			files = (
			);
			runOnlyForDeploymentPostprocessing = 0;
		};
/* End PBXFrameworksBuildPhase section */

/* Begin PBXGroup section */
		DDE3BB722AC3ADFC0038258E = {
			isa = PBXGroup;
			children = (
				DDE3BB7D2AC3ADFC0038258E /* OddOrEvenGame */,
				DDE3BB942AC3ADFD0038258E /* OddOrEvenGameTests */,
				DDE3BB9E2AC3ADFD0038258E /* OddOrEvenGameUITests */,
				DDE3BB7C2AC3ADFC0038258E /* Products */,
			);
			sourceTree = "<group>";
		};
		DDE3BB7C2AC3ADFC0038258E /* Products */ = {
			isa = PBXGroup;
			children = (
				DDE3BB7B2AC3ADFC0038258E /* OddOrEvenGame.app */,
				DDE3BB912AC3ADFD0038258E /* OddOrEvenGameTests.xctest */,
				DDE3BB9B2AC3ADFD0038258E /* OddOrEvenGameUITests.xctest */,
			);
			name = Products;
			sourceTree = "<group>";
		};
		DDE3BB7D2AC3ADFC0038258E /* OddOrEvenGame */ = {
			isa = PBXGroup;
			children = (
				DDE3BB7E2AC3ADFC0038258E /* AppDelegate.swift */,
				DDE3BB802AC3ADFC0038258E /* SceneDelegate.swift */,
				DDE3BB822AC3ADFC0038258E /* ViewController.swift */,
				DDE3BB842AC3ADFC0038258E /* Main.storyboard */,
				DDE3BB872AC3ADFD0038258E /* Assets.xcassets */,
				DDE3BB892AC3ADFD0038258E /* LaunchScreen.storyboard */,
				DDE3BB8C2AC3ADFD0038258E /* Info.plist */,
			);
			path = OddOrEvenGame;
			sourceTree = "<group>";
		};
		DDE3BB942AC3ADFD0038258E /* OddOrEvenGameTests */ = {
			isa = PBXGroup;
			children = (
				DDE3BB952AC3ADFD0038258E /* OddOrEvenGameTests.swift */,
			);
			path = OddOrEvenGameTests;
			sourceTree = "<group>";
		};
		DDE3BB9E2AC3ADFD0038258E /* OddOrEvenGameUITests */ = {
			isa = PBXGroup;
			children = (
				DDE3BB9F2AC3ADFD0038258E /* OddOrEvenGameUITests.swift */,
				DDE3BBA12AC3ADFD0038258E /* OddOrEvenGameUITestsLaunchTests.swift */,
			);
			path = OddOrEvenGameUITests;
			sourceTree = "<group>";
		};
/* End PBXGroup section */

/* Begin PBXNativeTarget section */
		DDE3BB7A2AC3ADFC0038258E /* OddOrEvenGame */ = {
			isa = PBXNativeTarget;
			buildConfigurationList = DDE3BBA52AC3ADFD0038258E /* Build configuration list for PBXNativeTarget "OddOrEvenGame" */;
			buildPhases = (
				DDE3BB772AC3ADFC0038258E /* Sources */,
				DDE3BB782AC3ADFC0038258E /* Frameworks */,
				DDE3BB792AC3ADFC0038258E /* Resources */,
			);
			buildRules = (
			);
			dependencies = (
			);
			name = OddOrEvenGame;
			productName = OddOrEvenGame;
			productReference = DDE3BB7B2AC3ADFC0038258E /* OddOrEvenGame.app */;
			productType = "com.apple.product-type.application";
		};
		DDE3BB902AC3ADFD0038258E /* OddOrEvenGameTests */ = {
			isa = PBXNativeTarget;
			buildConfigurationList = DDE3BBA82AC3ADFD0038258E /* Build configuration list for PBXNativeTarget "OddOrEvenGameTests" */;
			buildPhases = (
				DDE3BB8D2AC3ADFD0038258E /* Sources */,
				DDE3BB8E2AC3ADFD0038258E /* Frameworks */,
				DDE3BB8F2AC3ADFD0038258E /* Resources */,
			);
			buildRules = (
			);
			dependencies = (
				DDE3BB932AC3ADFD0038258E /* PBXTargetDependency */,
			);
			name = OddOrEvenGameTests;
			productName = OddOrEvenGameTests;
			productReference = DDE3BB912AC3ADFD0038258E /* OddOrEvenGameTests.xctest */;
			productType = "com.apple.product-type.bundle.unit-test";
		};
		DDE3BB9A2AC3ADFD0038258E /* OddOrEvenGameUITests */ = {
			isa = PBXNativeTarget;
			buildConfigurationList = DDE3BBAB2AC3ADFD0038258E /* Build configuration list for PBXNativeTarget "OddOrEvenGameUITests" */;
			buildPhases = (
				DDE3BB972AC3ADFD0038258E /* Sources */,
				DDE3BB982AC3ADFD0038258E /* Frameworks */,
				DDE3BB992AC3ADFD0038258E /* Resources */,
			);
			buildRules = (
			);
			dependencies = (
				DDE3BB9D2AC3ADFD0038258E /* PBXTargetDependency */,
			);
			name = OddOrEvenGameUITests;
			productName = OddOrEvenGameUITests;
			productReference = DDE3BB9B2AC3ADFD0038258E /* OddOrEvenGameUITests.xctest */;
			productType = "com.apple.product-type.bundle.ui-testing";
		};
/* End PBXNativeTarget section */

/* Begin PBXProject section */
		DDE3BB732AC3ADFC0038258E /* Project object */ = {
			isa = PBXProject;
			attributes = {
				BuildIndependentTargetsInParallel = 1;
				LastSwiftUpdateCheck = 1500;
				LastUpgradeCheck = 1500;
				TargetAttributes = {
					DDE3BB7A2AC3ADFC0038258E = {
						CreatedOnToolsVersion = 15.0;
					};
					DDE3BB902AC3ADFD0038258E = {
						CreatedOnToolsVersion = 15.0;
						TestTargetID = DDE3BB7A2AC3ADFC0038258E;
					};
					DDE3BB9A2AC3ADFD0038258E = {
						CreatedOnToolsVersion = 15.0;
						TestTargetID = DDE3BB7A2AC3ADFC0038258E;
					};
				};
			};
			buildConfigurationList = DDE3BB762AC3ADFC0038258E /* Build configuration list for PBXProject "OddOrEvenGame" */;
			compatibilityVersion = "Xcode 14.0";
			developmentRegion = en;
			hasScannedForEncodings = 0;
			knownRegions = (
				en,
				Base,
			);
			mainGroup = DDE3BB722AC3ADFC0038258E;
			productRefGroup = DDE3BB7C2AC3ADFC0038258E /* Products */;
			projectDirPath = "";
			projectRoot = "";
			targets = (
				DDE3BB7A2AC3ADFC0038258E /* OddOrEvenGame */,
				DDE3BB902AC3ADFD0038258E /* OddOrEvenGameTests */,
				DDE3BB9A2AC3ADFD0038258E /* OddOrEvenGameUITests */,
			);
		};
/* End PBXProject section */

/* Begin PBXResourcesBuildPhase section */
		DDE3BB792AC3ADFC0038258E /* Resources */ = {
			isa = PBXResourcesBuildPhase;
			buildActionMask = 2147483647;
			files = (
				DDE3BB8B2AC3ADFD0038258E /* LaunchScreen.storyboard in Resources */,
				DDE3BB882AC3ADFD0038258E /* Assets.xcassets in Resources */,
				DDE3BB862AC3ADFC0038258E /* Main.storyboard in Resources */,
			);
			runOnlyForDeploymentPostprocessing = 0;
		};
		DDE3BB8F2AC3ADFD0038258E /* Resources */ = {
			isa = PBXResourcesBuildPhase;
			buildActionMask = 2147483647;
			files = (
			);
			runOnlyForDeploymentPostprocessing = 0;
		};
		DDE3BB992AC3ADFD0038258E /* Resources */ = {
			isa = PBXResourcesBuildPhase;
			buildActionMask = 2147483647;
			files = (
			);
			runOnlyForDeploymentPostprocessing = 0;
		};
/* End PBXResourcesBuildPhase section */

/* Begin PBXSourcesBuildPhase section */
		DDE3BB772AC3ADFC0038258E /* Sources */ = {
			isa = PBXSourcesBuildPhase;
			buildActionMask = 2147483647;
			files = (
				DDE3BB832AC3ADFC0038258E /* ViewController.swift in Sources */,
				DDE3BB7F2AC3ADFC0038258E /* AppDelegate.swift in Sources */,
				DDE3BB812AC3ADFC0038258E /* SceneDelegate.swift in Sources */,
			);
			runOnlyForDeploymentPostprocessing = 0;
		};
		DDE3BB8D2AC3ADFD0038258E /* Sources */ = {
			isa = PBXSourcesBuildPhase;
			buildActionMask = 2147483647;
			files = (
				DDE3BB962AC3ADFD0038258E /* OddOrEvenGameTests.swift in Sources */,
			);
			runOnlyForDeploymentPostprocessing = 0;
		};
		DDE3BB972AC3ADFD0038258E /* Sources */ = {
			isa = PBXSourcesBuildPhase;
			buildActionMask = 2147483647;
			files = (
				DDE3BBA02AC3ADFD0038258E /* OddOrEvenGameUITests.swift in Sources */,
				DDE3BBA22AC3ADFD0038258E /* OddOrEvenGameUITestsLaunchTests.swift in Sources */,
			);
			runOnlyForDeploymentPostprocessing = 0;
		};
/* End PBXSourcesBuildPhase section */

/* Begin PBXTargetDependency section */
		DDE3BB932AC3ADFD0038258E /* PBXTargetDependency */ = {
			isa = PBXTargetDependency;
			target = DDE3BB7A2AC3ADFC0038258E /* OddOrEvenGame */;
			targetProxy = DDE3BB922AC3ADFD0038258E /* PBXContainerItemProxy */;
		};
		DDE3BB9D2AC3ADFD0038258E /* PBXTargetDependency */ = {
			isa = PBXTargetDependency;
			target = DDE3BB7A2AC3ADFC0038258E /* OddOrEvenGame */;
			targetProxy = DDE3BB9C2AC3ADFD0038258E /* PBXContainerItemProxy */;
		};
/* End PBXTargetDependency section */

/* Begin PBXVariantGroup section */
		DDE3BB842AC3ADFC0038258E /* Main.storyboard */ = {
			isa = PBXVariantGroup;
			children = (
				DDE3BB852AC3ADFC0038258E /* Base */,
			);
			name = Main.storyboard;
			sourceTree = "<group>";
		};
		DDE3BB892AC3ADFD0038258E /* LaunchScreen.storyboard */ = {
			isa = PBXVariantGroup;
			children = (
				DDE3BB8A2AC3ADFD0038258E /* Base */,
			);
			name = LaunchScreen.storyboard;
			sourceTree = "<group>";
		};
/* End PBXVariantGroup section */

/* Begin XCBuildConfiguration section */
		DDE3BBA32AC3ADFD0038258E /* Debug */ = {
			isa = XCBuildConfiguration;
			buildSettings = {
				ALWAYS_SEARCH_USER_PATHS = NO;
				ASSETCATALOG_COMPILER_GENERATE_SWIFT_ASSET_SYMBOL_EXTENSIONS = YES;
				CLANG_ANALYZER_NONNULL = YES;
				CLANG_ANALYZER_NUMBER_OBJECT_CONVERSION = YES_AGGRESSIVE;
				CLANG_CXX_LANGUAGE_STANDARD = "gnu++20";
				CLANG_ENABLE_MODULES = YES;
				CLANG_ENABLE_OBJC_ARC = YES;
				CLANG_ENABLE_OBJC_WEAK = YES;
				CLANG_WARN_BLOCK_CAPTURE_AUTORELEASING = YES;
				CLANG_WARN_BOOL_CONVERSION = YES;
				CLANG_WARN_COMMA = YES;
				CLANG_WARN_CONSTANT_CONVERSION = YES;
				CLANG_WARN_DEPRECATED_OBJC_IMPLEMENTATIONS = YES;
				CLANG_WARN_DIRECT_OBJC_ISA_USAGE = YES_ERROR;
				CLANG_WARN_DOCUMENTATION_COMMENTS = YES;
				CLANG_WARN_EMPTY_BODY = YES;
				CLANG_WARN_ENUM_CONVERSION = YES;
				CLANG_WARN_INFINITE_RECURSION = YES;
				CLANG_WARN_INT_CONVERSION = YES;
				CLANG_WARN_NON_LITERAL_NULL_CONVERSION = YES;
				CLANG_WARN_OBJC_IMPLICIT_RETAIN_SELF = YES;
				CLANG_WARN_OBJC_LITERAL_CONVERSION = YES;
				CLANG_WARN_OBJC_ROOT_CLASS = YES_ERROR;
				CLANG_WARN_QUOTED_INCLUDE_IN_FRAMEWORK_HEADER = YES;
				CLANG_WARN_RANGE_LOOP_ANALYSIS = YES;
				CLANG_WARN_STRICT_PROTOTYPES = YES;
				CLANG_WARN_SUSPICIOUS_MOVE = YES;
				CLANG_WARN_UNGUARDED_AVAILABILITY = YES_AGGRESSIVE;
				CLANG_WARN_UNREACHABLE_CODE = YES;
				CLANG_WARN__DUPLICATE_METHOD_MATCH = YES;
				COPY_PHASE_STRIP = NO;
				DEBUG_INFORMATION_FORMAT = dwarf;
				ENABLE_STRICT_OBJC_MSGSEND = YES;
				ENABLE_TESTABILITY = YES;
				ENABLE_USER_SCRIPT_SANDBOXING = YES;
				GCC_C_LANGUAGE_STANDARD = gnu17;
				GCC_DYNAMIC_NO_PIC = NO;
				GCC_NO_COMMON_BLOCKS = YES;
				GCC_OPTIMIZATION_LEVEL = 0;
				GCC_PREPROCESSOR_DEFINITIONS = (
					"DEBUG=1",
					"$(inherited)",
				);
				GCC_WARN_64_TO_32_BIT_CONVERSION = YES;
				GCC_WARN_ABOUT_RETURN_TYPE = YES_ERROR;
				GCC_WARN_UNDECLARED_SELECTOR = YES;
				GCC_WARN_UNINITIALIZED_AUTOS = YES_AGGRESSIVE;
				GCC_WARN_UNUSED_FUNCTION = YES;
				GCC_WARN_UNUSED_VARIABLE = YES;
				IPHONEOS_DEPLOYMENT_TARGET = 17.0;
				LOCALIZATION_PREFERS_STRING_CATALOGS = YES;
				MTL_ENABLE_DEBUG_INFO = INCLUDE_SOURCE;
				MTL_FAST_MATH = YES;
				ONLY_ACTIVE_ARCH = YES;
				SDKROOT = iphoneos;
				SWIFT_ACTIVE_COMPILATION_CONDITIONS = "DEBUG $(inherited)";
				SWIFT_OPTIMIZATION_LEVEL = "-Onone";
			};
			name = Debug;
		};
		DDE3BBA42AC3ADFD0038258E /* Release */ = {
			isa = XCBuildConfiguration;
			buildSettings = {
				ALWAYS_SEARCH_USER_PATHS = NO;
				ASSETCATALOG_COMPILER_GENERATE_SWIFT_ASSET_SYMBOL_EXTENSIONS = YES;
				CLANG_ANALYZER_NONNULL = YES;
				CLANG_ANALYZER_NUMBER_OBJECT_CONVERSION = YES_AGGRESSIVE;
				CLANG_CXX_LANGUAGE_STANDARD = "gnu++20";
				CLANG_ENABLE_MODULES = YES;
				CLANG_ENABLE_OBJC_ARC = YES;
				CLANG_ENABLE_OBJC_WEAK = YES;
				CLANG_WARN_BLOCK_CAPTURE_AUTORELEASING = YES;
				CLANG_WARN_BOOL_CONVERSION = YES;
				CLANG_WARN_COMMA = YES;
				CLANG_WARN_CONSTANT_CONVERSION = YES;
				CLANG_WARN_DEPRECATED_OBJC_IMPLEMENTATIONS = YES;
				CLANG_WARN_DIRECT_OBJC_ISA_USAGE = YES_ERROR;
				CLANG_WARN_DOCUMENTATION_COMMENTS = YES;
				CLANG_WARN_EMPTY_BODY = YES;
				CLANG_WARN_ENUM_CONVERSION = YES;
				CLANG_WARN_INFINITE_RECURSION = YES;
				CLANG_WARN_INT_CONVERSION = YES;
				CLANG_WARN_NON_LITERAL_NULL_CONVERSION = YES;
				CLANG_WARN_OBJC_IMPLICIT_RETAIN_SELF = YES;
				CLANG_WARN_OBJC_LITERAL_CONVERSION = YES;
				CLANG_WARN_OBJC_ROOT_CLASS = YES_ERROR;
				CLANG_WARN_QUOTED_INCLUDE_IN_FRAMEWORK_HEADER = YES;
				CLANG_WARN_RANGE_LOOP_ANALYSIS = YES;
				CLANG_WARN_STRICT_PROTOTYPES = YES;
				CLANG_WARN_SUSPICIOUS_MOVE = YES;
				CLANG_WARN_UNGUARDED_AVAILABILITY = YES_AGGRESSIVE;
				CLANG_WARN_UNREACHABLE_CODE = YES;
				CLANG_WARN__DUPLICATE_METHOD_MATCH = YES;
				COPY_PHASE_STRIP = NO;
				DEBUG_INFORMATION_FORMAT = "dwarf-with-dsym";
				ENABLE_NS_ASSERTIONS = NO;
				ENABLE_STRICT_OBJC_MSGSEND = YES;
				ENABLE_USER_SCRIPT_SANDBOXING = YES;
				GCC_C_LANGUAGE_STANDARD = gnu17;
				GCC_NO_COMMON_BLOCKS = YES;
				GCC_WARN_64_TO_32_BIT_CONVERSION = YES;
				GCC_WARN_ABOUT_RETURN_TYPE = YES_ERROR;
				GCC_WARN_UNDECLARED_SELECTOR = YES;
				GCC_WARN_UNINITIALIZED_AUTOS = YES_AGGRESSIVE;
				GCC_WARN_UNUSED_FUNCTION = YES;
				GCC_WARN_UNUSED_VARIABLE = YES;
				IPHONEOS_DEPLOYMENT_TARGET = 17.0;
				LOCALIZATION_PREFERS_STRING_CATALOGS = YES;
				MTL_ENABLE_DEBUG_INFO = NO;
				MTL_FAST_MATH = YES;
				SDKROOT = iphoneos;
				SWIFT_COMPILATION_MODE = wholemodule;
				VALIDATE_PRODUCT = YES;
			};
			name = Release;
		};
		DDE3BBA62AC3ADFD0038258E /* Debug */ = {
			isa = XCBuildConfiguration;
			buildSettings = {
				ASSETCATALOG_COMPILER_APPICON_NAME = AppIcon;
				ASSETCATALOG_COMPILER_GLOBAL_ACCENT_COLOR_NAME = AccentColor;
				CODE_SIGN_STYLE = Automatic;
				CURRENT_PROJECT_VERSION = 1;
				DEVELOPMENT_TEAM = W7RH85H7BW;
				GENERATE_INFOPLIST_FILE = YES;
				INFOPLIST_FILE = OddOrEvenGame/Info.plist;
				INFOPLIST_KEY_UIApplicationSupportsIndirectInputEvents = YES;
				INFOPLIST_KEY_UILaunchStoryboardName = LaunchScreen;
				INFOPLIST_KEY_UIMainStoryboardFile = Main;
				INFOPLIST_KEY_UISupportedInterfaceOrientations_iPad = "UIInterfaceOrientationPortrait UIInterfaceOrientationPortraitUpsideDown UIInterfaceOrientationLandscapeLeft UIInterfaceOrientationLandscapeRight";
				INFOPLIST_KEY_UISupportedInterfaceOrientations_iPhone = "UIInterfaceOrientationPortrait UIInterfaceOrientationLandscapeLeft UIInterfaceOrientationLandscapeRight";
				LD_RUNPATH_SEARCH_PATHS = (
					"$(inherited)",
					"@executable_path/Frameworks",
				);
				MARKETING_VERSION = 1.0;
				PRODUCT_BUNDLE_IDENTIFIER = kr.whyp.OddOrEvenGame;
				PRODUCT_NAME = "$(TARGET_NAME)";
				SWIFT_EMIT_LOC_STRINGS = YES;
				SWIFT_VERSION = 5.0;
				TARGETED_DEVICE_FAMILY = "1,2";
			};
			name = Debug;
		};
		DDE3BBA72AC3ADFD0038258E /* Release */ = {
			isa = XCBuildConfiguration;
			buildSettings = {
				ASSETCATALOG_COMPILER_APPICON_NAME = AppIcon;
				ASSETCATALOG_COMPILER_GLOBAL_ACCENT_COLOR_NAME = AccentColor;
				CODE_SIGN_STYLE = Automatic;
				CURRENT_PROJECT_VERSION = 1;
				DEVELOPMENT_TEAM = W7RH85H7BW;
				GENERATE_INFOPLIST_FILE = YES;
				INFOPLIST_FILE = OddOrEvenGame/Info.plist;
				INFOPLIST_KEY_UIApplicationSupportsIndirectInputEvents = YES;
				INFOPLIST_KEY_UILaunchStoryboardName = LaunchScreen;
				INFOPLIST_KEY_UIMainStoryboardFile = Main;
				INFOPLIST_KEY_UISupportedInterfaceOrientations_iPad = "UIInterfaceOrientationPortrait UIInterfaceOrientationPortraitUpsideDown UIInterfaceOrientationLandscapeLeft UIInterfaceOrientationLandscapeRight";
				INFOPLIST_KEY_UISupportedInterfaceOrientations_iPhone = "UIInterfaceOrientationPortrait UIInterfaceOrientationLandscapeLeft UIInterfaceOrientationLandscapeRight";
				LD_RUNPATH_SEARCH_PATHS = (
					"$(inherited)",
					"@executable_path/Frameworks",
				);
				MARKETING_VERSION = 1.0;
				PRODUCT_BUNDLE_IDENTIFIER = kr.whyp.OddOrEvenGame;
				PRODUCT_NAME = "$(TARGET_NAME)";
				SWIFT_EMIT_LOC_STRINGS = YES;
				SWIFT_VERSION = 5.0;
				TARGETED_DEVICE_FAMILY = "1,2";
			};
			name = Release;
		};
		DDE3BBA92AC3ADFD0038258E /* Debug */ = {
			isa = XCBuildConfiguration;
			buildSettings = {
				ALWAYS_EMBED_SWIFT_STANDARD_LIBRARIES = YES;
				BUNDLE_LOADER = "$(TEST_HOST)";
				CODE_SIGN_STYLE = Automatic;
				CURRENT_PROJECT_VERSION = 1;
				DEVELOPMENT_TEAM = W7RH85H7BW;
				GENERATE_INFOPLIST_FILE = YES;
				IPHONEOS_DEPLOYMENT_TARGET = 17.0;
				MARKETING_VERSION = 1.0;
				PRODUCT_BUNDLE_IDENTIFIER = kr.whyp.OddOrEvenGameTests;
				PRODUCT_NAME = "$(TARGET_NAME)";
				SWIFT_EMIT_LOC_STRINGS = NO;
				SWIFT_VERSION = 5.0;
				TARGETED_DEVICE_FAMILY = "1,2";
				TEST_HOST = "$(BUILT_PRODUCTS_DIR)/OddOrEvenGame.app/$(BUNDLE_EXECUTABLE_FOLDER_PATH)/OddOrEvenGame";
			};
			name = Debug;
		};
		DDE3BBAA2AC3ADFD0038258E /* Release */ = {
			isa = XCBuildConfiguration;
			buildSettings = {
				ALWAYS_EMBED_SWIFT_STANDARD_LIBRARIES = YES;
				BUNDLE_LOADER = "$(TEST_HOST)";
				CODE_SIGN_STYLE = Automatic;
				CURRENT_PROJECT_VERSION = 1;
				DEVELOPMENT_TEAM = W7RH85H7BW;
				GENERATE_INFOPLIST_FILE = YES;
				IPHONEOS_DEPLOYMENT_TARGET = 17.0;
				MARKETING_VERSION = 1.0;
				PRODUCT_BUNDLE_IDENTIFIER = kr.whyp.OddOrEvenGameTests;
				PRODUCT_NAME = "$(TARGET_NAME)";
				SWIFT_EMIT_LOC_STRINGS = NO;
				SWIFT_VERSION = 5.0;
				TARGETED_DEVICE_FAMILY = "1,2";
				TEST_HOST = "$(BUILT_PRODUCTS_DIR)/OddOrEvenGame.app/$(BUNDLE_EXECUTABLE_FOLDER_PATH)/OddOrEvenGame";
			};
			name = Release;
		};
		DDE3BBAC2AC3ADFD0038258E /* Debug */ = {
			isa = XCBuildConfiguration;
			buildSettings = {
				ALWAYS_EMBED_SWIFT_STANDARD_LIBRARIES = YES;
				CODE_SIGN_STYLE = Automatic;
				CURRENT_PROJECT_VERSION = 1;
				DEVELOPMENT_TEAM = W7RH85H7BW;
				GENERATE_INFOPLIST_FILE = YES;
				MARKETING_VERSION = 1.0;
				PRODUCT_BUNDLE_IDENTIFIER = kr.whyp.OddOrEvenGameUITests;
				PRODUCT_NAME = "$(TARGET_NAME)";
				SWIFT_EMIT_LOC_STRINGS = NO;
				SWIFT_VERSION = 5.0;
				TARGETED_DEVICE_FAMILY = "1,2";
				TEST_TARGET_NAME = OddOrEvenGame;
			};
			name = Debug;
		};
		DDE3BBAD2AC3ADFD0038258E /* Release */ = {
			isa = XCBuildConfiguration;
			buildSettings = {
				ALWAYS_EMBED_SWIFT_STANDARD_LIBRARIES = YES;
				CODE_SIGN_STYLE = Automatic;
				CURRENT_PROJECT_VERSION = 1;
				DEVELOPMENT_TEAM = W7RH85H7BW;
				GENERATE_INFOPLIST_FILE = YES;
				MARKETING_VERSION = 1.0;
				PRODUCT_BUNDLE_IDENTIFIER = kr.whyp.OddOrEvenGameUITests;
				PRODUCT_NAME = "$(TARGET_NAME)";
				SWIFT_EMIT_LOC_STRINGS = NO;
				SWIFT_VERSION = 5.0;
				TARGETED_DEVICE_FAMILY = "1,2";
				TEST_TARGET_NAME = OddOrEvenGame;
			};
			name = Release;
		};
/* End XCBuildConfiguration section */

/* Begin XCConfigurationList section */
		DDE3BB762AC3ADFC0038258E /* Build configuration list for PBXProject "OddOrEvenGame" */ = {
			isa = XCConfigurationList;
			buildConfigurations = (
				DDE3BBA32AC3ADFD0038258E /* Debug */,
				DDE3BBA42AC3ADFD0038258E /* Release */,
			);
			defaultConfigurationIsVisible = 0;
			defaultConfigurationName = Release;
		};
		DDE3BBA52AC3ADFD0038258E /* Build configuration list for PBXNativeTarget "OddOrEvenGame" */ = {
			isa = XCConfigurationList;
			buildConfigurations = (
				DDE3BBA62AC3ADFD0038258E /* Debug */,
				DDE3BBA72AC3ADFD0038258E /* Release */,
			);
			defaultConfigurationIsVisible = 0;
			defaultConfigurationName = Release;
		};
		DDE3BBA82AC3ADFD0038258E /* Build configuration list for PBXNativeTarget "OddOrEvenGameTests" */ = {
			isa = XCConfigurationList;
			buildConfigurations = (
				DDE3BBA92AC3ADFD0038258E /* Debug */,
				DDE3BBAA2AC3ADFD0038258E /* Release */,
			);
			defaultConfigurationIsVisible = 0;
			defaultConfigurationName = Release;
		};
		DDE3BBAB2AC3ADFD0038258E /* Build configuration list for PBXNativeTarget "OddOrEvenGameUITests" */ = {
			isa = XCConfigurationList;
			buildConfigurations = (
				DDE3BBAC2AC3ADFD0038258E /* Debug */,
				DDE3BBAD2AC3ADFD0038258E /* Release */,
			);
			defaultConfigurationIsVisible = 0;
			defaultConfigurationName = Release;
		};
/* End XCConfigurationList section */
	};
	rootObject = DDE3BB732AC3ADFC0038258E /* Project object */;
}
