// !$*UTF8*$!
{
	archiveVersion = 1;
	classes = {
	};
	objectVersion = 56;
	objects = {

/* Begin PBXBuildFile section */
		DD6A34D82AB81976005A694B /* AppDelegate.swift in Sources */ = {isa = PBXBuildFile; fileRef = DD6A34D72AB81976005A694B /* AppDelegate.swift */; };
		DD6A34DA2AB81976005A694B /* SceneDelegate.swift in Sources */ = {isa = PBXBuildFile; fileRef = DD6A34D92AB81976005A694B /* SceneDelegate.swift */; };
		DD6A34DC2AB81976005A694B /* ViewController.swift in Sources */ = {isa = PBXBuildFile; fileRef = DD6A34DB2AB81976005A694B /* ViewController.swift */; };
		DD6A34DF2AB81976005A694B /* Main.storyboard in Resources */ = {isa = PBXBuildFile; fileRef = DD6A34DD2AB81976005A694B /* Main.storyboard */; };
		DD6A34E12AB81977005A694B /* Assets.xcassets in Resources */ = {isa = PBXBuildFile; fileRef = DD6A34E02AB81977005A694B /* Assets.xcassets */; };
		DD6A34E42AB81977005A694B /* LaunchScreen.storyboard in Resources */ = {isa = PBXBuildFile; fileRef = DD6A34E22AB81977005A694B /* LaunchScreen.storyboard */; };
		DD6A34EF2AB81977005A694B /* OddEvenGameTests.swift in Sources */ = {isa = PBXBuildFile; fileRef = DD6A34EE2AB81977005A694B /* OddEvenGameTests.swift */; };
		DD6A34F92AB81977005A694B /* OddEvenGameUITests.swift in Sources */ = {isa = PBXBuildFile; fileRef = DD6A34F82AB81977005A694B /* OddEvenGameUITests.swift */; };
		DD6A34FB2AB81977005A694B /* OddEvenGameUITestsLaunchTests.swift in Sources */ = {isa = PBXBuildFile; fileRef = DD6A34FA2AB81977005A694B /* OddEvenGameUITestsLaunchTests.swift */; };
/* End PBXBuildFile section */

/* Begin PBXContainerItemProxy section */
		DD6A34EB2AB81977005A694B /* PBXContainerItemProxy */ = {
			isa = PBXContainerItemProxy;
			containerPortal = DD6A34CC2AB81976005A694B /* Project object */;
			proxyType = 1;
			remoteGlobalIDString = DD6A34D32AB81976005A694B;
			remoteInfo = OddEvenGame;
		};
		DD6A34F52AB81977005A694B /* PBXContainerItemProxy */ = {
			isa = PBXContainerItemProxy;
			containerPortal = DD6A34CC2AB81976005A694B /* Project object */;
			proxyType = 1;
			remoteGlobalIDString = DD6A34D32AB81976005A694B;
			remoteInfo = OddEvenGame;
		};
/* End PBXContainerItemProxy section */

/* Begin PBXFileReference section */
		DD6A34D42AB81976005A694B /* OddEvenGame.app */ = {isa = PBXFileReference; explicitFileType = wrapper.application; includeInIndex = 0; path = OddEvenGame.app; sourceTree = BUILT_PRODUCTS_DIR; };
		DD6A34D72AB81976005A694B /* AppDelegate.swift */ = {isa = PBXFileReference; lastKnownFileType = sourcecode.swift; path = AppDelegate.swift; sourceTree = "<group>"; };
		DD6A34D92AB81976005A694B /* SceneDelegate.swift */ = {isa = PBXFileReference; lastKnownFileType = sourcecode.swift; path = SceneDelegate.swift; sourceTree = "<group>"; };
		DD6A34DB2AB81976005A694B /* ViewController.swift */ = {isa = PBXFileReference; lastKnownFileType = sourcecode.swift; path = ViewController.swift; sourceTree = "<group>"; };
		DD6A34DE2AB81976005A694B /* Base */ = {isa = PBXFileReference; lastKnownFileType = file.storyboard; name = Base; path = Base.lproj/Main.storyboard; sourceTree = "<group>"; };
		DD6A34E02AB81977005A694B /* Assets.xcassets */ = {isa = PBXFileReference; lastKnownFileType = folder.assetcatalog; path = Assets.xcassets; sourceTree = "<group>"; };
		DD6A34E32AB81977005A694B /* Base */ = {isa = PBXFileReference; lastKnownFileType = file.storyboard; name = Base; path = Base.lproj/LaunchScreen.storyboard; sourceTree = "<group>"; };
		DD6A34E52AB81977005A694B /* Info.plist */ = {isa = PBXFileReference; lastKnownFileType = text.plist.xml; path = Info.plist; sourceTree = "<group>"; };
		DD6A34EA2AB81977005A694B /* OddEvenGameTests.xctest */ = {isa = PBXFileReference; explicitFileType = wrapper.cfbundle; includeInIndex = 0; path = OddEvenGameTests.xctest; sourceTree = BUILT_PRODUCTS_DIR; };
		DD6A34EE2AB81977005A694B /* OddEvenGameTests.swift */ = {isa = PBXFileReference; lastKnownFileType = sourcecode.swift; path = OddEvenGameTests.swift; sourceTree = "<group>"; };
		DD6A34F42AB81977005A694B /* OddEvenGameUITests.xctest */ = {isa = PBXFileReference; explicitFileType = wrapper.cfbundle; includeInIndex = 0; path = OddEvenGameUITests.xctest; sourceTree = BUILT_PRODUCTS_DIR; };
		DD6A34F82AB81977005A694B /* OddEvenGameUITests.swift */ = {isa = PBXFileReference; lastKnownFileType = sourcecode.swift; path = OddEvenGameUITests.swift; sourceTree = "<group>"; };
		DD6A34FA2AB81977005A694B /* OddEvenGameUITestsLaunchTests.swift */ = {isa = PBXFileReference; lastKnownFileType = sourcecode.swift; path = OddEvenGameUITestsLaunchTests.swift; sourceTree = "<group>"; };
/* End PBXFileReference section */

/* Begin PBXFrameworksBuildPhase section */
		DD6A34D12AB81976005A694B /* Frameworks */ = {
			isa = PBXFrameworksBuildPhase;
			buildActionMask = 2147483647;
			files = (
			);
			runOnlyForDeploymentPostprocessing = 0;
		};
		DD6A34E72AB81977005A694B /* Frameworks */ = {
			isa = PBXFrameworksBuildPhase;
			buildActionMask = 2147483647;
			files = (
			);
			runOnlyForDeploymentPostprocessing = 0;
		};
		DD6A34F12AB81977005A694B /* Frameworks */ = {
			isa = PBXFrameworksBuildPhase;
			buildActionMask = 2147483647;
			files = (
			);
			runOnlyForDeploymentPostprocessing = 0;
		};
/* End PBXFrameworksBuildPhase section */

/* Begin PBXGroup section */
		DD6A34CB2AB81976005A694B = {
			isa = PBXGroup;
			children = (
				DD6A34D62AB81976005A694B /* OddEvenGame */,
				DD6A34ED2AB81977005A694B /* OddEvenGameTests */,
				DD6A34F72AB81977005A694B /* OddEvenGameUITests */,
				DD6A34D52AB81976005A694B /* Products */,
			);
			sourceTree = "<group>";
		};
		DD6A34D52AB81976005A694B /* Products */ = {
			isa = PBXGroup;
			children = (
				DD6A34D42AB81976005A694B /* OddEvenGame.app */,
				DD6A34EA2AB81977005A694B /* OddEvenGameTests.xctest */,
				DD6A34F42AB81977005A694B /* OddEvenGameUITests.xctest */,
			);
			name = Products;
			sourceTree = "<group>";
		};
		DD6A34D62AB81976005A694B /* OddEvenGame */ = {
			isa = PBXGroup;
			children = (
				DD6A34D72AB81976005A694B /* AppDelegate.swift */,
				DD6A34D92AB81976005A694B /* SceneDelegate.swift */,
				DD6A34DB2AB81976005A694B /* ViewController.swift */,
				DD6A34DD2AB81976005A694B /* Main.storyboard */,
				DD6A34E02AB81977005A694B /* Assets.xcassets */,
				DD6A34E22AB81977005A694B /* LaunchScreen.storyboard */,
				DD6A34E52AB81977005A694B /* Info.plist */,
			);
			path = OddEvenGame;
			sourceTree = "<group>";
		};
		DD6A34ED2AB81977005A694B /* OddEvenGameTests */ = {
			isa = PBXGroup;
			children = (
				DD6A34EE2AB81977005A694B /* OddEvenGameTests.swift */,
			);
			path = OddEvenGameTests;
			sourceTree = "<group>";
		};
		DD6A34F72AB81977005A694B /* OddEvenGameUITests */ = {
			isa = PBXGroup;
			children = (
				DD6A34F82AB81977005A694B /* OddEvenGameUITests.swift */,
				DD6A34FA2AB81977005A694B /* OddEvenGameUITestsLaunchTests.swift */,
			);
			path = OddEvenGameUITests;
			sourceTree = "<group>";
		};
/* End PBXGroup section */

/* Begin PBXNativeTarget section */
		DD6A34D32AB81976005A694B /* OddEvenGame */ = {
			isa = PBXNativeTarget;
			buildConfigurationList = DD6A34FE2AB81977005A694B /* Build configuration list for PBXNativeTarget "OddEvenGame" */;
			buildPhases = (
				DD6A34D02AB81976005A694B /* Sources */,
				DD6A34D12AB81976005A694B /* Frameworks */,
				DD6A34D22AB81976005A694B /* Resources */,
			);
			buildRules = (
			);
			dependencies = (
			);
			name = OddEvenGame;
			productName = OddEvenGame;
			productReference = DD6A34D42AB81976005A694B /* OddEvenGame.app */;
			productType = "com.apple.product-type.application";
		};
		DD6A34E92AB81977005A694B /* OddEvenGameTests */ = {
			isa = PBXNativeTarget;
			buildConfigurationList = DD6A35012AB81977005A694B /* Build configuration list for PBXNativeTarget "OddEvenGameTests" */;
			buildPhases = (
				DD6A34E62AB81977005A694B /* Sources */,
				DD6A34E72AB81977005A694B /* Frameworks */,
				DD6A34E82AB81977005A694B /* Resources */,
			);
			buildRules = (
			);
			dependencies = (
				DD6A34EC2AB81977005A694B /* PBXTargetDependency */,
			);
			name = OddEvenGameTests;
			productName = OddEvenGameTests;
			productReference = DD6A34EA2AB81977005A694B /* OddEvenGameTests.xctest */;
			productType = "com.apple.product-type.bundle.unit-test";
		};
		DD6A34F32AB81977005A694B /* OddEvenGameUITests */ = {
			isa = PBXNativeTarget;
			buildConfigurationList = DD6A35042AB81977005A694B /* Build configuration list for PBXNativeTarget "OddEvenGameUITests" */;
			buildPhases = (
				DD6A34F02AB81977005A694B /* Sources */,
				DD6A34F12AB81977005A694B /* Frameworks */,
				DD6A34F22AB81977005A694B /* Resources */,
			);
			buildRules = (
			);
			dependencies = (
				DD6A34F62AB81977005A694B /* PBXTargetDependency */,
			);
			name = OddEvenGameUITests;
			productName = OddEvenGameUITests;
			productReference = DD6A34F42AB81977005A694B /* OddEvenGameUITests.xctest */;
			productType = "com.apple.product-type.bundle.ui-testing";
		};
/* End PBXNativeTarget section */

/* Begin PBXProject section */
		DD6A34CC2AB81976005A694B /* Project object */ = {
			isa = PBXProject;
			attributes = {
				BuildIndependentTargetsInParallel = 1;
				LastSwiftUpdateCheck = 1430;
				LastUpgradeCheck = 1430;
				TargetAttributes = {
					DD6A34D32AB81976005A694B = {
						CreatedOnToolsVersion = 14.3.1;
					};
					DD6A34E92AB81977005A694B = {
						CreatedOnToolsVersion = 14.3.1;
						TestTargetID = DD6A34D32AB81976005A694B;
					};
					DD6A34F32AB81977005A694B = {
						CreatedOnToolsVersion = 14.3.1;
						TestTargetID = DD6A34D32AB81976005A694B;
					};
				};
			};
			buildConfigurationList = DD6A34CF2AB81976005A694B /* Build configuration list for PBXProject "OddEvenGame" */;
			compatibilityVersion = "Xcode 14.0";
			developmentRegion = en;
			hasScannedForEncodings = 0;
			knownRegions = (
				en,
				Base,
			);
			mainGroup = DD6A34CB2AB81976005A694B;
			productRefGroup = DD6A34D52AB81976005A694B /* Products */;
			projectDirPath = "";
			projectRoot = "";
			targets = (
				DD6A34D32AB81976005A694B /* OddEvenGame */,
				DD6A34E92AB81977005A694B /* OddEvenGameTests */,
				DD6A34F32AB81977005A694B /* OddEvenGameUITests */,
			);
		};
/* End PBXProject section */

/* Begin PBXResourcesBuildPhase section */
		DD6A34D22AB81976005A694B /* Resources */ = {
			isa = PBXResourcesBuildPhase;
			buildActionMask = 2147483647;
			files = (
				DD6A34E42AB81977005A694B /* LaunchScreen.storyboard in Resources */,
				DD6A34E12AB81977005A694B /* Assets.xcassets in Resources */,
				DD6A34DF2AB81976005A694B /* Main.storyboard in Resources */,
			);
			runOnlyForDeploymentPostprocessing = 0;
		};
		DD6A34E82AB81977005A694B /* Resources */ = {
			isa = PBXResourcesBuildPhase;
			buildActionMask = 2147483647;
			files = (
			);
			runOnlyForDeploymentPostprocessing = 0;
		};
		DD6A34F22AB81977005A694B /* Resources */ = {
			isa = PBXResourcesBuildPhase;
			buildActionMask = 2147483647;
			files = (
			);
			runOnlyForDeploymentPostprocessing = 0;
		};
/* End PBXResourcesBuildPhase section */

/* Begin PBXSourcesBuildPhase section */
		DD6A34D02AB81976005A694B /* Sources */ = {
			isa = PBXSourcesBuildPhase;
			buildActionMask = 2147483647;
			files = (
				DD6A34DC2AB81976005A694B /* ViewController.swift in Sources */,
				DD6A34D82AB81976005A694B /* AppDelegate.swift in Sources */,
				DD6A34DA2AB81976005A694B /* SceneDelegate.swift in Sources */,
			);
			runOnlyForDeploymentPostprocessing = 0;
		};
		DD6A34E62AB81977005A694B /* Sources */ = {
			isa = PBXSourcesBuildPhase;
			buildActionMask = 2147483647;
			files = (
				DD6A34EF2AB81977005A694B /* OddEvenGameTests.swift in Sources */,
			);
			runOnlyForDeploymentPostprocessing = 0;
		};
		DD6A34F02AB81977005A694B /* Sources */ = {
			isa = PBXSourcesBuildPhase;
			buildActionMask = 2147483647;
			files = (
				DD6A34FB2AB81977005A694B /* OddEvenGameUITestsLaunchTests.swift in Sources */,
				DD6A34F92AB81977005A694B /* OddEvenGameUITests.swift in Sources */,
			);
			runOnlyForDeploymentPostprocessing = 0;
		};
/* End PBXSourcesBuildPhase section */

/* Begin PBXTargetDependency section */
		DD6A34EC2AB81977005A694B /* PBXTargetDependency */ = {
			isa = PBXTargetDependency;
			target = DD6A34D32AB81976005A694B /* OddEvenGame */;
			targetProxy = DD6A34EB2AB81977005A694B /* PBXContainerItemProxy */;
		};
		DD6A34F62AB81977005A694B /* PBXTargetDependency */ = {
			isa = PBXTargetDependency;
			target = DD6A34D32AB81976005A694B /* OddEvenGame */;
			targetProxy = DD6A34F52AB81977005A694B /* PBXContainerItemProxy */;
		};
/* End PBXTargetDependency section */

/* Begin PBXVariantGroup section */
		DD6A34DD2AB81976005A694B /* Main.storyboard */ = {
			isa = PBXVariantGroup;
			children = (
				DD6A34DE2AB81976005A694B /* Base */,
			);
			name = Main.storyboard;
			sourceTree = "<group>";
		};
		DD6A34E22AB81977005A694B /* LaunchScreen.storyboard */ = {
			isa = PBXVariantGroup;
			children = (
				DD6A34E32AB81977005A694B /* Base */,
			);
			name = LaunchScreen.storyboard;
			sourceTree = "<group>";
		};
/* End PBXVariantGroup section */

/* Begin XCBuildConfiguration section */
		DD6A34FC2AB81977005A694B /* Debug */ = {
			isa = XCBuildConfiguration;
			buildSettings = {
				ALWAYS_SEARCH_USER_PATHS = NO;
				CLANG_ANALYZER_NONNULL = YES;
				CLANG_ANALYZER_NUMBER_OBJECT_CONVERSION = YES_AGGRESSIVE;
				CLANG_CXX_LANGUAGE_STANDARD = "gnu++20";
				CLANG_ENABLE_MODULES = YES;
				CLANG_ENABLE_OBJC_ARC = YES;
				CLANG_ENABLE_OBJC_WEAK = YES;
				CLANG_WARN_BLOCK_CAPTURE_AUTORELEASING = YES;
				CLANG_WARN_BOOL_CONVERSION = YES;
				CLANG_WARN_COMMA = YES;
				CLANG_WARN_CONSTANT_CONVERSION = YES;
				CLANG_WARN_DEPRECATED_OBJC_IMPLEMENTATIONS = YES;
				CLANG_WARN_DIRECT_OBJC_ISA_USAGE = YES_ERROR;
				CLANG_WARN_DOCUMENTATION_COMMENTS = YES;
				CLANG_WARN_EMPTY_BODY = YES;
				CLANG_WARN_ENUM_CONVERSION = YES;
				CLANG_WARN_INFINITE_RECURSION = YES;
				CLANG_WARN_INT_CONVERSION = YES;
				CLANG_WARN_NON_LITERAL_NULL_CONVERSION = YES;
				CLANG_WARN_OBJC_IMPLICIT_RETAIN_SELF = YES;
				CLANG_WARN_OBJC_LITERAL_CONVERSION = YES;
				CLANG_WARN_OBJC_ROOT_CLASS = YES_ERROR;
				CLANG_WARN_QUOTED_INCLUDE_IN_FRAMEWORK_HEADER = YES;
				CLANG_WARN_RANGE_LOOP_ANALYSIS = YES;
				CLANG_WARN_STRICT_PROTOTYPES = YES;
				CLANG_WARN_SUSPICIOUS_MOVE = YES;
				CLANG_WARN_UNGUARDED_AVAILABILITY = YES_AGGRESSIVE;
				CLANG_WARN_UNREACHABLE_CODE = YES;
				CLANG_WARN__DUPLICATE_METHOD_MATCH = YES;
				COPY_PHASE_STRIP = NO;
				DEBUG_INFORMATION_FORMAT = dwarf;
				ENABLE_STRICT_OBJC_MSGSEND = YES;
				ENABLE_TESTABILITY = YES;
				GCC_C_LANGUAGE_STANDARD = gnu11;
				GCC_DYNAMIC_NO_PIC = NO;
				GCC_NO_COMMON_BLOCKS = YES;
				GCC_OPTIMIZATION_LEVEL = 0;
				GCC_PREPROCESSOR_DEFINITIONS = (
					"DEBUG=1",
					"$(inherited)",
				);
				GCC_WARN_64_TO_32_BIT_CONVERSION = YES;
				GCC_WARN_ABOUT_RETURN_TYPE = YES_ERROR;
				GCC_WARN_UNDECLARED_SELECTOR = YES;
				GCC_WARN_UNINITIALIZED_AUTOS = YES_AGGRESSIVE;
				GCC_WARN_UNUSED_FUNCTION = YES;
				GCC_WARN_UNUSED_VARIABLE = YES;
				IPHONEOS_DEPLOYMENT_TARGET = 16.4;
				MTL_ENABLE_DEBUG_INFO = INCLUDE_SOURCE;
				MTL_FAST_MATH = YES;
				ONLY_ACTIVE_ARCH = YES;
				SDKROOT = iphoneos;
				SWIFT_ACTIVE_COMPILATION_CONDITIONS = DEBUG;
				SWIFT_OPTIMIZATION_LEVEL = "-Onone";
			};
			name = Debug;
		};
		DD6A34FD2AB81977005A694B /* Release */ = {
			isa = XCBuildConfiguration;
			buildSettings = {
				ALWAYS_SEARCH_USER_PATHS = NO;
				CLANG_ANALYZER_NONNULL = YES;
				CLANG_ANALYZER_NUMBER_OBJECT_CONVERSION = YES_AGGRESSIVE;
				CLANG_CXX_LANGUAGE_STANDARD = "gnu++20";
				CLANG_ENABLE_MODULES = YES;
				CLANG_ENABLE_OBJC_ARC = YES;
				CLANG_ENABLE_OBJC_WEAK = YES;
				CLANG_WARN_BLOCK_CAPTURE_AUTORELEASING = YES;
				CLANG_WARN_BOOL_CONVERSION = YES;
				CLANG_WARN_COMMA = YES;
				CLANG_WARN_CONSTANT_CONVERSION = YES;
				CLANG_WARN_DEPRECATED_OBJC_IMPLEMENTATIONS = YES;
				CLANG_WARN_DIRECT_OBJC_ISA_USAGE = YES_ERROR;
				CLANG_WARN_DOCUMENTATION_COMMENTS = YES;
				CLANG_WARN_EMPTY_BODY = YES;
				CLANG_WARN_ENUM_CONVERSION = YES;
				CLANG_WARN_INFINITE_RECURSION = YES;
				CLANG_WARN_INT_CONVERSION = YES;
				CLANG_WARN_NON_LITERAL_NULL_CONVERSION = YES;
				CLANG_WARN_OBJC_IMPLICIT_RETAIN_SELF = YES;
				CLANG_WARN_OBJC_LITERAL_CONVERSION = YES;
				CLANG_WARN_OBJC_ROOT_CLASS = YES_ERROR;
				CLANG_WARN_QUOTED_INCLUDE_IN_FRAMEWORK_HEADER = YES;
				CLANG_WARN_RANGE_LOOP_ANALYSIS = YES;
				CLANG_WARN_STRICT_PROTOTYPES = YES;
				CLANG_WARN_SUSPICIOUS_MOVE = YES;
				CLANG_WARN_UNGUARDED_AVAILABILITY = YES_AGGRESSIVE;
				CLANG_WARN_UNREACHABLE_CODE = YES;
				CLANG_WARN__DUPLICATE_METHOD_MATCH = YES;
				COPY_PHASE_STRIP = NO;
				DEBUG_INFORMATION_FORMAT = "dwarf-with-dsym";
				ENABLE_NS_ASSERTIONS = NO;
				ENABLE_STRICT_OBJC_MSGSEND = YES;
				GCC_C_LANGUAGE_STANDARD = gnu11;
				GCC_NO_COMMON_BLOCKS = YES;
				GCC_WARN_64_TO_32_BIT_CONVERSION = YES;
				GCC_WARN_ABOUT_RETURN_TYPE = YES_ERROR;
				GCC_WARN_UNDECLARED_SELECTOR = YES;
				GCC_WARN_UNINITIALIZED_AUTOS = YES_AGGRESSIVE;
				GCC_WARN_UNUSED_FUNCTION = YES;
				GCC_WARN_UNUSED_VARIABLE = YES;
				IPHONEOS_DEPLOYMENT_TARGET = 16.4;
				MTL_ENABLE_DEBUG_INFO = NO;
				MTL_FAST_MATH = YES;
				SDKROOT = iphoneos;
				SWIFT_COMPILATION_MODE = wholemodule;
				SWIFT_OPTIMIZATION_LEVEL = "-O";
				VALIDATE_PRODUCT = YES;
			};
			name = Release;
		};
		DD6A34FF2AB81977005A694B /* Debug */ = {
			isa = XCBuildConfiguration;
			buildSettings = {
				ASSETCATALOG_COMPILER_APPICON_NAME = AppIcon;
				ASSETCATALOG_COMPILER_GLOBAL_ACCENT_COLOR_NAME = AccentColor;
				CODE_SIGN_STYLE = Automatic;
				CURRENT_PROJECT_VERSION = 1;
				DEVELOPMENT_TEAM = W7RH85H7BW;
				GENERATE_INFOPLIST_FILE = YES;
				INFOPLIST_FILE = OddEvenGame/Info.plist;
				INFOPLIST_KEY_UIApplicationSupportsIndirectInputEvents = YES;
				INFOPLIST_KEY_UILaunchStoryboardName = LaunchScreen;
				INFOPLIST_KEY_UIMainStoryboardFile = Main;
				INFOPLIST_KEY_UISupportedInterfaceOrientations_iPad = "UIInterfaceOrientationPortrait UIInterfaceOrientationPortraitUpsideDown UIInterfaceOrientationLandscapeLeft UIInterfaceOrientationLandscapeRight";
				INFOPLIST_KEY_UISupportedInterfaceOrientations_iPhone = "UIInterfaceOrientationPortrait UIInterfaceOrientationLandscapeLeft UIInterfaceOrientationLandscapeRight";
				LD_RUNPATH_SEARCH_PATHS = (
					"$(inherited)",
					"@executable_path/Frameworks",
				);
				MARKETING_VERSION = 1.0;
				PRODUCT_BUNDLE_IDENTIFIER = kr.whyp.OddEvenGame;
				PRODUCT_NAME = "$(TARGET_NAME)";
				SWIFT_EMIT_LOC_STRINGS = YES;
				SWIFT_VERSION = 5.0;
				TARGETED_DEVICE_FAMILY = "1,2";
			};
			name = Debug;
		};
		DD6A35002AB81977005A694B /* Release */ = {
			isa = XCBuildConfiguration;
			buildSettings = {
				ASSETCATALOG_COMPILER_APPICON_NAME = AppIcon;
				ASSETCATALOG_COMPILER_GLOBAL_ACCENT_COLOR_NAME = AccentColor;
				CODE_SIGN_STYLE = Automatic;
				CURRENT_PROJECT_VERSION = 1;
				DEVELOPMENT_TEAM = W7RH85H7BW;
				GENERATE_INFOPLIST_FILE = YES;
				INFOPLIST_FILE = OddEvenGame/Info.plist;
				INFOPLIST_KEY_UIApplicationSupportsIndirectInputEvents = YES;
				INFOPLIST_KEY_UILaunchStoryboardName = LaunchScreen;
				INFOPLIST_KEY_UIMainStoryboardFile = Main;
				INFOPLIST_KEY_UISupportedInterfaceOrientations_iPad = "UIInterfaceOrientationPortrait UIInterfaceOrientationPortraitUpsideDown UIInterfaceOrientationLandscapeLeft UIInterfaceOrientationLandscapeRight";
				INFOPLIST_KEY_UISupportedInterfaceOrientations_iPhone = "UIInterfaceOrientationPortrait UIInterfaceOrientationLandscapeLeft UIInterfaceOrientationLandscapeRight";
				LD_RUNPATH_SEARCH_PATHS = (
					"$(inherited)",
					"@executable_path/Frameworks",
				);
				MARKETING_VERSION = 1.0;
				PRODUCT_BUNDLE_IDENTIFIER = kr.whyp.OddEvenGame;
				PRODUCT_NAME = "$(TARGET_NAME)";
				SWIFT_EMIT_LOC_STRINGS = YES;
				SWIFT_VERSION = 5.0;
				TARGETED_DEVICE_FAMILY = "1,2";
			};
			name = Release;
		};
		DD6A35022AB81977005A694B /* Debug */ = {
			isa = XCBuildConfiguration;
			buildSettings = {
				ALWAYS_EMBED_SWIFT_STANDARD_LIBRARIES = YES;
				BUNDLE_LOADER = "$(TEST_HOST)";
				CODE_SIGN_STYLE = Automatic;
				CURRENT_PROJECT_VERSION = 1;
				DEVELOPMENT_TEAM = W7RH85H7BW;
				GENERATE_INFOPLIST_FILE = YES;
				IPHONEOS_DEPLOYMENT_TARGET = 16.4;
				MARKETING_VERSION = 1.0;
				PRODUCT_BUNDLE_IDENTIFIER = kr.whyp.OddEvenGameTests;
				PRODUCT_NAME = "$(TARGET_NAME)";
				SWIFT_EMIT_LOC_STRINGS = NO;
				SWIFT_VERSION = 5.0;
				TARGETED_DEVICE_FAMILY = "1,2";
				TEST_HOST = "$(BUILT_PRODUCTS_DIR)/OddEvenGame.app/$(BUNDLE_EXECUTABLE_FOLDER_PATH)/OddEvenGame";
			};
			name = Debug;
		};
		DD6A35032AB81977005A694B /* Release */ = {
			isa = XCBuildConfiguration;
			buildSettings = {
				ALWAYS_EMBED_SWIFT_STANDARD_LIBRARIES = YES;
				BUNDLE_LOADER = "$(TEST_HOST)";
				CODE_SIGN_STYLE = Automatic;
				CURRENT_PROJECT_VERSION = 1;
				DEVELOPMENT_TEAM = W7RH85H7BW;
				GENERATE_INFOPLIST_FILE = YES;
				IPHONEOS_DEPLOYMENT_TARGET = 16.4;
				MARKETING_VERSION = 1.0;
				PRODUCT_BUNDLE_IDENTIFIER = kr.whyp.OddEvenGameTests;
				PRODUCT_NAME = "$(TARGET_NAME)";
				SWIFT_EMIT_LOC_STRINGS = NO;
				SWIFT_VERSION = 5.0;
				TARGETED_DEVICE_FAMILY = "1,2";
				TEST_HOST = "$(BUILT_PRODUCTS_DIR)/OddEvenGame.app/$(BUNDLE_EXECUTABLE_FOLDER_PATH)/OddEvenGame";
			};
			name = Release;
		};
		DD6A35052AB81977005A694B /* Debug */ = {
			isa = XCBuildConfiguration;
			buildSettings = {
				ALWAYS_EMBED_SWIFT_STANDARD_LIBRARIES = YES;
				CODE_SIGN_STYLE = Automatic;
				CURRENT_PROJECT_VERSION = 1;
				DEVELOPMENT_TEAM = W7RH85H7BW;
				GENERATE_INFOPLIST_FILE = YES;
				MARKETING_VERSION = 1.0;
				PRODUCT_BUNDLE_IDENTIFIER = kr.whyp.OddEvenGameUITests;
				PRODUCT_NAME = "$(TARGET_NAME)";
				SWIFT_EMIT_LOC_STRINGS = NO;
				SWIFT_VERSION = 5.0;
				TARGETED_DEVICE_FAMILY = "1,2";
				TEST_TARGET_NAME = OddEvenGame;
			};
			name = Debug;
		};
		DD6A35062AB81977005A694B /* Release */ = {
			isa = XCBuildConfiguration;
			buildSettings = {
				ALWAYS_EMBED_SWIFT_STANDARD_LIBRARIES = YES;
				CODE_SIGN_STYLE = Automatic;
				CURRENT_PROJECT_VERSION = 1;
				DEVELOPMENT_TEAM = W7RH85H7BW;
				GENERATE_INFOPLIST_FILE = YES;
				MARKETING_VERSION = 1.0;
				PRODUCT_BUNDLE_IDENTIFIER = kr.whyp.OddEvenGameUITests;
				PRODUCT_NAME = "$(TARGET_NAME)";
				SWIFT_EMIT_LOC_STRINGS = NO;
				SWIFT_VERSION = 5.0;
				TARGETED_DEVICE_FAMILY = "1,2";
				TEST_TARGET_NAME = OddEvenGame;
			};
			name = Release;
		};
/* End XCBuildConfiguration section */

/* Begin XCConfigurationList section */
		DD6A34CF2AB81976005A694B /* Build configuration list for PBXProject "OddEvenGame" */ = {
			isa = XCConfigurationList;
			buildConfigurations = (
				DD6A34FC2AB81977005A694B /* Debug */,
				DD6A34FD2AB81977005A694B /* Release */,
			);
			defaultConfigurationIsVisible = 0;
			defaultConfigurationName = Release;
		};
		DD6A34FE2AB81977005A694B /* Build configuration list for PBXNativeTarget "OddEvenGame" */ = {
			isa = XCConfigurationList;
			buildConfigurations = (
				DD6A34FF2AB81977005A694B /* Debug */,
				DD6A35002AB81977005A694B /* Release */,
			);
			defaultConfigurationIsVisible = 0;
			defaultConfigurationName = Release;
		};
		DD6A35012AB81977005A694B /* Build configuration list for PBXNativeTarget "OddEvenGameTests" */ = {
			isa = XCConfigurationList;
			buildConfigurations = (
				DD6A35022AB81977005A694B /* Debug */,
				DD6A35032AB81977005A694B /* Release */,
			);
			defaultConfigurationIsVisible = 0;
			defaultConfigurationName = Release;
		};
		DD6A35042AB81977005A694B /* Build configuration list for PBXNativeTarget "OddEvenGameUITests" */ = {
			isa = XCConfigurationList;
			buildConfigurations = (
				DD6A35052AB81977005A694B /* Debug */,
				DD6A35062AB81977005A694B /* Release */,
			);
			defaultConfigurationIsVisible = 0;
			defaultConfigurationName = Release;
		};
/* End XCConfigurationList section */
	};
	rootObject = DD6A34CC2AB81976005A694B /* Project object */;
}
